// !$*UTF8*$!
{
	archiveVersion = 1;
	classes = {
	};
	objectVersion = 46;
	objects = {

/* Begin PBXBuildFile section */
		AAD7A9701E344F070016DC45 /* AppDelegate.swift in Sources */ = {isa = PBXBuildFile; fileRef = AAD7A96F1E344F070016DC45 /* AppDelegate.swift */; };
		AAD7A9721E344F070016DC45 /* ViewController.swift in Sources */ = {isa = PBXBuildFile; fileRef = AAD7A9711E344F070016DC45 /* ViewController.swift */; };
		AAD7A9751E344F070016DC45 /* Main.storyboard in Resources */ = {isa = PBXBuildFile; fileRef = AAD7A9731E344F070016DC45 /* Main.storyboard */; };
		AAD7A9771E344F070016DC45 /* Assets.xcassets in Resources */ = {isa = PBXBuildFile; fileRef = AAD7A9761E344F070016DC45 /* Assets.xcassets */; };
		AAD7A97A1E344F070016DC45 /* LaunchScreen.storyboard in Resources */ = {isa = PBXBuildFile; fileRef = AAD7A9781E344F070016DC45 /* LaunchScreen.storyboard */; };
		AAD7A9821E3490760016DC45 /* FeedTableViewCell.swift in Sources */ = {isa = PBXBuildFile; fileRef = AAD7A9811E3490760016DC45 /* FeedTableViewCell.swift */; };
		AAD7A9841E349E9D0016DC45 /* String+Extension.swift in Sources */ = {isa = PBXBuildFile; fileRef = AAD7A9831E349E9D0016DC45 /* String+Extension.swift */; };
/* End PBXBuildFile section */

/* Begin PBXFileReference section */
		AAD7A96C1E344F070016DC45 /* ExpandTableViewCell.app */ = {isa = PBXFileReference; explicitFileType = wrapper.application; includeInIndex = 0; path = ExpandTableViewCell.app; sourceTree = BUILT_PRODUCTS_DIR; };
		AAD7A96F1E344F070016DC45 /* AppDelegate.swift */ = {isa = PBXFileReference; lastKnownFileType = sourcecode.swift; path = AppDelegate.swift; sourceTree = "<group>"; };
		AAD7A9711E344F070016DC45 /* ViewController.swift */ = {isa = PBXFileReference; lastKnownFileType = sourcecode.swift; path = ViewController.swift; sourceTree = "<group>"; };
		AAD7A9741E344F070016DC45 /* Base */ = {isa = PBXFileReference; lastKnownFileType = file.storyboard; name = Base; path = Base.lproj/Main.storyboard; sourceTree = "<group>"; };
		AAD7A9761E344F070016DC45 /* Assets.xcassets */ = {isa = PBXFileReference; lastKnownFileType = folder.assetcatalog; path = Assets.xcassets; sourceTree = "<group>"; };
		AAD7A9791E344F070016DC45 /* Base */ = {isa = PBXFileReference; lastKnownFileType = file.storyboard; name = Base; path = Base.lproj/LaunchScreen.storyboard; sourceTree = "<group>"; };
		AAD7A97B1E344F070016DC45 /* Info.plist */ = {isa = PBXFileReference; lastKnownFileType = text.plist.xml; path = Info.plist; sourceTree = "<group>"; };
		AAD7A9811E3490760016DC45 /* FeedTableViewCell.swift */ = {isa = PBXFileReference; fileEncoding = 4; lastKnownFileType = sourcecode.swift; path = FeedTableViewCell.swift; sourceTree = "<group>"; };
		AAD7A9831E349E9D0016DC45 /* String+Extension.swift */ = {isa = PBXFileReference; fileEncoding = 4; lastKnownFileType = sourcecode.swift; path = "String+Extension.swift"; sourceTree = "<group>"; };
/* End PBXFileReference section */

/* Begin PBXFrameworksBuildPhase section */
		AAD7A9691E344F070016DC45 /* Frameworks */ = {
			isa = PBXFrameworksBuildPhase;
			buildActionMask = 2147483647;
			files = (
			);
			runOnlyForDeploymentPostprocessing = 0;
		};
/* End PBXFrameworksBuildPhase section */

/* Begin PBXGroup section */
		AAD7A9631E344F070016DC45 = {
			isa = PBXGroup;
			children = (
				AAD7A96E1E344F070016DC45 /* ExpandTableViewCell */,
				AAD7A96D1E344F070016DC45 /* Products */,
			);
			sourceTree = "<group>";
		};
		AAD7A96D1E344F070016DC45 /* Products */ = {
			isa = PBXGroup;
			children = (
				AAD7A96C1E344F070016DC45 /* ExpandTableViewCell.app */,
			);
			name = Products;
			sourceTree = "<group>";
		};
		AAD7A96E1E344F070016DC45 /* ExpandTableViewCell */ = {
			isa = PBXGroup;
			children = (
				AAD7A96F1E344F070016DC45 /* AppDelegate.swift */,
				AAD7A9711E344F070016DC45 /* ViewController.swift */,
				AAD7A9731E344F070016DC45 /* Main.storyboard */,
				AAD7A9761E344F070016DC45 /* Assets.xcassets */,
				AAD7A9781E344F070016DC45 /* LaunchScreen.storyboard */,
				AAD7A97B1E344F070016DC45 /* Info.plist */,
				AAD7A9811E3490760016DC45 /* FeedTableViewCell.swift */,
				AAD7A9831E349E9D0016DC45 /* String+Extension.swift */,
			);
			path = ExpandTableViewCell;
			sourceTree = "<group>";
		};
/* End PBXGroup section */

/* Begin PBXNativeTarget section */
		AAD7A96B1E344F070016DC45 /* ExpandTableViewCell */ = {
			isa = PBXNativeTarget;
			buildConfigurationList = AAD7A97E1E344F070016DC45 /* Build configuration list for PBXNativeTarget "ExpandTableViewCell" */;
			buildPhases = (
				AAD7A9681E344F070016DC45 /* Sources */,
				AAD7A9691E344F070016DC45 /* Frameworks */,
				AAD7A96A1E344F070016DC45 /* Resources */,
			);
			buildRules = (
			);
			dependencies = (
			);
			name = ExpandTableViewCell;
			productName = ExpandTableViewCell;
			productReference = AAD7A96C1E344F070016DC45 /* ExpandTableViewCell.app */;
			productType = "com.apple.product-type.application";
		};
/* End PBXNativeTarget section */

/* Begin PBXProject section */
		AAD7A9641E344F070016DC45 /* Project object */ = {
			isa = PBXProject;
			attributes = {
				LastSwiftUpdateCheck = 0820;
				LastUpgradeCheck = 0820;
				ORGANIZATIONNAME = sujian;
				TargetAttributes = {
					AAD7A96B1E344F070016DC45 = {
						CreatedOnToolsVersion = 8.2;
						DevelopmentTeam = 3B2WCPZDT3;
						ProvisioningStyle = Automatic;
					};
				};
			};
			buildConfigurationList = AAD7A9671E344F070016DC45 /* Build configuration list for PBXProject "ExpandTableViewCell" */;
			compatibilityVersion = "Xcode 3.2";
			developmentRegion = English;
			hasScannedForEncodings = 0;
			knownRegions = (
				en,
				Base,
			);
			mainGroup = AAD7A9631E344F070016DC45;
			productRefGroup = AAD7A96D1E344F070016DC45 /* Products */;
			projectDirPath = "";
			projectRoot = "";
			targets = (
				AAD7A96B1E344F070016DC45 /* ExpandTableViewCell */,
			);
		};
/* End PBXProject section */

/* Begin PBXResourcesBuildPhase section */
		AAD7A96A1E344F070016DC45 /* Resources */ = {
			isa = PBXResourcesBuildPhase;
			buildActionMask = 2147483647;
			files = (
				AAD7A97A1E344F070016DC45 /* LaunchScreen.storyboard in Resources */,
				AAD7A9771E344F070016DC45 /* Assets.xcassets in Resources */,
				AAD7A9751E344F070016DC45 /* Main.storyboard in Resources */,
			);
			runOnlyForDeploymentPostprocessing = 0;
		};
/* End PBXResourcesBuildPhase section */

/* Begin PBXSourcesBuildPhase section */
		AAD7A9681E344F070016DC45 /* Sources */ = {
			isa = PBXSourcesBuildPhase;
			buildActionMask = 2147483647;
			files = (
				AAD7A9721E344F070016DC45 /* ViewController.swift in Sources */,
				AAD7A9821E3490760016DC45 /* FeedTableViewCell.swift in Sources */,
				AAD7A9701E344F070016DC45 /* AppDelegate.swift in Sources */,
				AAD7A9841E349E9D0016DC45 /* String+Extension.swift in Sources */,
			);
			runOnlyForDeploymentPostprocessing = 0;
		};
/* End PBXSourcesBuildPhase section */

/* Begin PBXVariantGroup section */
		AAD7A9731E344F070016DC45 /* Main.storyboard */ = {
			isa = PBXVariantGroup;
			children = (
				AAD7A9741E344F070016DC45 /* Base */,
			);
			name = Main.storyboard;
			sourceTree = "<group>";
		};
		AAD7A9781E344F070016DC45 /* LaunchScreen.storyboard */ = {
			isa = PBXVariantGroup;
			children = (
				AAD7A9791E344F070016DC45 /* Base */,
			);
			name = LaunchScreen.storyboard;
			sourceTree = "<group>";
		};
/* End PBXVariantGroup section */

/* Begin XCBuildConfiguration section */
		AAD7A97C1E344F070016DC45 /* Debug */ = {
			isa = XCBuildConfiguration;
			buildSettings = {
				ALWAYS_SEARCH_USER_PATHS = NO;
				CLANG_ANALYZER_NONNULL = YES;
				CLANG_CXX_LANGUAGE_STANDARD = "gnu++0x";
				CLANG_CXX_LIBRARY = "libc++";
				CLANG_ENABLE_MODULES = YES;
				CLANG_ENABLE_OBJC_ARC = YES;
				CLANG_WARN_BOOL_CONVERSION = YES;
				CLANG_WARN_CONSTANT_CONVERSION = YES;
				CLANG_WARN_DIRECT_OBJC_ISA_USAGE = YES_ERROR;
				CLANG_WARN_DOCUMENTATION_COMMENTS = YES;
				CLANG_WARN_EMPTY_BODY = YES;
				CLANG_WARN_ENUM_CONVERSION = YES;
				CLANG_WARN_INFINITE_RECURSION = YES;
				CLANG_WARN_INT_CONVERSION = YES;
				CLANG_WARN_OBJC_ROOT_CLASS = YES_ERROR;
				CLANG_WARN_SUSPICIOUS_MOVE = YES;
				CLANG_WARN_UNREACHABLE_CODE = YES;
				CLANG_WARN__DUPLICATE_METHOD_MATCH = YES;
				"CODE_SIGN_IDENTITY[sdk=iphoneos*]" = "iPhone Developer";
				COPY_PHASE_STRIP = NO;
				DEBUG_INFORMATION_FORMAT = dwarf;
				ENABLE_STRICT_OBJC_MSGSEND = YES;
				ENABLE_TESTABILITY = YES;
				GCC_C_LANGUAGE_STANDARD = gnu99;
				GCC_DYNAMIC_NO_PIC = NO;
				GCC_NO_COMMON_BLOCKS = YES;
				GCC_OPTIMIZATION_LEVEL = 0;
				GCC_PREPROCESSOR_DEFINITIONS = (
					"DEBUG=1",
					"$(inherited)",
				);
				GCC_WARN_64_TO_32_BIT_CONVERSION = YES;
				GCC_WARN_ABOUT_RETURN_TYPE = YES_ERROR;
				GCC_WARN_UNDECLARED_SELECTOR = YES;
				GCC_WARN_UNINITIALIZED_AUTOS = YES_AGGRESSIVE;
				GCC_WARN_UNUSED_FUNCTION = YES;
				GCC_WARN_UNUSED_VARIABLE = YES;
				IPHONEOS_DEPLOYMENT_TARGET = 10.2;
				MTL_ENABLE_DEBUG_INFO = YES;
				ONLY_ACTIVE_ARCH = YES;
				SDKROOT = iphoneos;
				SWIFT_ACTIVE_COMPILATION_CONDITIONS = DEBUG;
				SWIFT_OPTIMIZATION_LEVEL = "-Onone";
			};
			name = Debug;
		};
		AAD7A97D1E344F070016DC45 /* Release */ = {
			isa = XCBuildConfiguration;
			buildSettings = {
				ALWAYS_SEARCH_USER_PATHS = NO;
				CLANG_ANALYZER_NONNULL = YES;
				CLANG_CXX_LANGUAGE_STANDARD = "gnu++0x";
				CLANG_CXX_LIBRARY = "libc++";
				CLANG_ENABLE_MODULES = YES;
				CLANG_ENABLE_OBJC_ARC = YES;
				CLANG_WARN_BOOL_CONVERSION = YES;
				CLANG_WARN_CONSTANT_CONVERSION = YES;
				CLANG_WARN_DIRECT_OBJC_ISA_USAGE = YES_ERROR;
				CLANG_WARN_DOCUMENTATION_COMMENTS = YES;
				CLANG_WARN_EMPTY_BODY = YES;
				CLANG_WARN_ENUM_CONVERSION = YES;
				CLANG_WARN_INFINITE_RECURSION = YES;
				CLANG_WARN_INT_CONVERSION = YES;
				CLANG_WARN_OBJC_ROOT_CLASS = YES_ERROR;
				CLANG_WARN_SUSPICIOUS_MOVE = YES;
				CLANG_WARN_UNREACHABLE_CODE = YES;
				CLANG_WARN__DUPLICATE_METHOD_MATCH = YES;
				"CODE_SIGN_IDENTITY[sdk=iphoneos*]" = "iPhone Developer";
				COPY_PHASE_STRIP = NO;
				DEBUG_INFORMATION_FORMAT = "dwarf-with-dsym";
				ENABLE_NS_ASSERTIONS = NO;
				ENABLE_STRICT_OBJC_MSGSEND = YES;
				GCC_C_LANGUAGE_STANDARD = gnu99;
				GCC_NO_COMMON_BLOCKS = YES;
				GCC_WARN_64_TO_32_BIT_CONVERSION = YES;
				GCC_WARN_ABOUT_RETURN_TYPE = YES_ERROR;
				GCC_WARN_UNDECLARED_SELECTOR = YES;
				GCC_WARN_UNINITIALIZED_AUTOS = YES_AGGRESSIVE;
				GCC_WARN_UNUSED_FUNCTION = YES;
				GCC_WARN_UNUSED_VARIABLE = YES;
				IPHONEOS_DEPLOYMENT_TARGET = 10.2;
				MTL_ENABLE_DEBUG_INFO = NO;
				SDKROOT = iphoneos;
				SWIFT_OPTIMIZATION_LEVEL = "-Owholemodule";
				VALIDATE_PRODUCT = YES;
			};
			name = Release;
		};
		AAD7A97F1E344F070016DC45 /* Debug */ = {
			isa = XCBuildConfiguration;
			buildSettings = {
				ASSETCATALOG_COMPILER_APPICON_NAME = AppIcon;
				DEVELOPMENT_TEAM = 3B2WCPZDT3;
				INFOPLIST_FILE = ExpandTableViewCell/Info.plist;
				LD_RUNPATH_SEARCH_PATHS = "$(inherited) @executable_path/Frameworks";
				PRODUCT_BUNDLE_IDENTIFIER = August.ExpandTableViewCell;
				PRODUCT_NAME = "$(TARGET_NAME)";
				SWIFT_VERSION = 3.0;
			};
			name = Debug;
		};
		AAD7A9801E344F070016DC45 /* Release */ = {
			isa = XCBuildConfiguration;
			buildSettings = {
				ASSETCATALOG_COMPILER_APPICON_NAME = AppIcon;
				DEVELOPMENT_TEAM = 3B2WCPZDT3;
				INFOPLIST_FILE = ExpandTableViewCell/Info.plist;
				LD_RUNPATH_SEARCH_PATHS = "$(inherited) @executable_path/Frameworks";
				PRODUCT_BUNDLE_IDENTIFIER = August.ExpandTableViewCell;
				PRODUCT_NAME = "$(TARGET_NAME)";
				SWIFT_VERSION = 3.0;
			};
			name = Release;
		};
/* End XCBuildConfiguration section */

/* Begin XCConfigurationList section */
		AAD7A9671E344F070016DC45 /* Build configuration list for PBXProject "ExpandTableViewCell" */ = {
			isa = XCConfigurationList;
			buildConfigurations = (
				AAD7A97C1E344F070016DC45 /* Debug */,
				AAD7A97D1E344F070016DC45 /* Release */,
			);
			defaultConfigurationIsVisible = 0;
			defaultConfigurationName = Release;
		};
		AAD7A97E1E344F070016DC45 /* Build configuration list for PBXNativeTarget "ExpandTableViewCell" */ = {
			isa = XCConfigurationList;
			buildConfigurations = (
				AAD7A97F1E344F070016DC45 /* Debug */,
				AAD7A9801E344F070016DC45 /* Release */,
			);
			defaultConfigurationIsVisible = 0;
		};
/* End XCConfigurationList section */
	};
	rootObject = AAD7A9641E344F070016DC45 /* Project object */;
}
